
Microsoft Visual Studio Solution File, Format Version 12.00
# Visual Studio 15
VisualStudioVersion = 15.0.28307.852
MinimumVisualStudioVersion = 10.0.40219.1
Project("{FAE04EC0-301F-11D3-BF4B-00C04F79EFBC}") = "NQueensProblem", "NQueensProblem\NQueensProblem.csproj", "{F68C8CB4-204B-40E4-B72F-37B2B6DA5363}"
EndProject
Global
	GlobalSection(SolutionConfigurationPlatforms) = preSolution
		Debug|Any CPU = Debug|Any CPU
		Release|Any CPU = Release|Any CPU
	EndGlobalSection
	GlobalSection(ProjectConfigurationPlatforms) = postSolution
		{F68C8CB4-204B-40E4-B72F-37B2B6DA5363}.Debug|Any CPU.ActiveCfg = Debug|Any CPU
		{F68C8CB4-204B-40E4-B72F-37B2B6DA5363}.Debug|Any CPU.Build.0 = Debug|Any CPU
		{F68C8CB4-204B-40E4-B72F-37B2B6DA5363}.Release|Any CPU.ActiveCfg = Release|Any CPU
		{F68C8CB4-204B-40E4-B72F-37B2B6DA5363}.Release|Any CPU.Build.0 = Release|Any CPU
	EndGlobalSection
	GlobalSection(SolutionProperties) = preSolution
		HideSolutionNode = FALSE
	EndGlobalSection
	GlobalSection(ExtensibilityGlobals) = postSolution
		SolutionGuid = {937E1770-84B5-449F-89C6-ED692E6D3186}
	EndGlobalSection
EndGlobal
